# THIS IS AN AUTOGENERATED FILE. DO NOT EDIT THIS FILE DIRECTLY.
# yarn lockfile v1


"@types/core-js@^2.5.4":
  version "2.5.4"
  resolved "https://registry.yarnpkg.com/@types/core-js/-/core-js-2.5.4.tgz#fc42ebde7d9cfa7c5f2668f117449b02348e41fd"
  integrity sha512-Xwy8o12ak+iYgFr/KCVaVK5Sy+jFMiiPAID3+ObvMlBzy26XQJw5xu+a6rlHsrJENXj/AwJOGsJpVohUjAzSKQ==
