{
  "name": "PaperShelf",
  "version": "1.0.0",
  "lockfileVersion": 1,
  "requires": true,
  "dependencies": {
    "@types/core-js": {
      "version": "2.5.4",
      "resolved": "https://registry.npmjs.org/@types/core-js/-/core-js-2.5.4.tgz",
      "integrity": "sha512-Xwy8o12ak+iYgFr/KCVaVK5Sy+jFMiiPAID3+ObvMlBzy26XQJw5xu+a6rlHsrJENXj/AwJOGsJpVohUjAzSKQ==",
      "dev": true
    }
  }
}
